
Microsoft Visual Studio Solution File, Format Version 12.00
# Visual Studio 2012
Project("{FAE04EC0-301F-11D3-BF4B-00C04F79EFBC}") = "ObisisService", "ObisisService\ObisisService.csproj", "{EE04C6BD-3466-4D88-85FB-0821887A0E18}"
EndProject
Global
	GlobalSection(SolutionConfigurationPlatforms) = preSolution
		Debug|Any CPU = Debug|Any CPU
		Release|Any CPU = Release|Any CPU
	EndGlobalSection
	GlobalSection(ProjectConfigurationPlatforms) = postSolution
		{EE04C6BD-3466-4D88-85FB-0821887A0E18}.Debug|Any CPU.ActiveCfg = Debug|Any CPU
		{EE04C6BD-3466-4D88-85FB-0821887A0E18}.Debug|Any CPU.Build.0 = Debug|Any CPU
		{EE04C6BD-3466-4D88-85FB-0821887A0E18}.Release|Any CPU.ActiveCfg = Release|Any CPU
		{EE04C6BD-3466-4D88-85FB-0821887A0E18}.Release|Any CPU.Build.0 = Release|Any CPU
	EndGlobalSection
	GlobalSection(SolutionProperties) = preSolution
		HideSolutionNode = FALSE
	EndGlobalSection
EndGlobal
