
Microsoft Visual Studio Solution File, Format Version 12.00
# Visual Studio 2013
VisualStudioVersion = 12.0.30324.0
MinimumVisualStudioVersion = 10.0.40219.1
Project("{FAE04EC0-301F-11D3-BF4B-00C04F79EFBC}") = "OKPort", "OKPort\OKPort.csproj", "{7957AD01-0BB1-4938-AE75-D889CABFF778}"
EndProject
Global
	GlobalSection(TeamFoundationVersionControl) = preSolution
		SccNumberOfProjects = 2
		SccEnterpriseProvider = {4CA58AB2-18FA-4F8D-95D4-32DDF27D184C}
		SccTeamFoundationServer = https://ogzkyr.visualstudio.com/defaultcollection
		SccLocalPath0 = .
		SccProjectUniqueName1 = OKPort\\OKPort.csproj
		SccProjectName1 = OKPort
		SccLocalPath1 = OKPort
	EndGlobalSection
	GlobalSection(SolutionConfigurationPlatforms) = preSolution
		Debug|Any CPU = Debug|Any CPU
		Release|Any CPU = Release|Any CPU
	EndGlobalSection
	GlobalSection(ProjectConfigurationPlatforms) = postSolution
		{7957AD01-0BB1-4938-AE75-D889CABFF778}.Debug|Any CPU.ActiveCfg = Debug|Any CPU
		{7957AD01-0BB1-4938-AE75-D889CABFF778}.Debug|Any CPU.Build.0 = Debug|Any CPU
		{7957AD01-0BB1-4938-AE75-D889CABFF778}.Release|Any CPU.ActiveCfg = Release|Any CPU
		{7957AD01-0BB1-4938-AE75-D889CABFF778}.Release|Any CPU.Build.0 = Release|Any CPU
	EndGlobalSection
	GlobalSection(SolutionProperties) = preSolution
		HideSolutionNode = FALSE
	EndGlobalSection
EndGlobal
