
Microsoft Visual Studio Solution File, Format Version 12.00
# Visual Studio 2012
Project("{8BC9CEB8-8B4A-11D0-8D11-00A0C91BC942}") = "TrieWithLindedListsExample", "TrieWithLindedListsExample\TrieWithLindedListsExample.vcxproj", "{EC337F8B-714E-4559-BD3D-2E46CC0DA359}"
EndProject
Global
	GlobalSection(SolutionConfigurationPlatforms) = preSolution
		Debug|Win32 = Debug|Win32
		Release|Win32 = Release|Win32
	EndGlobalSection
	GlobalSection(ProjectConfigurationPlatforms) = postSolution
		{EC337F8B-714E-4559-BD3D-2E46CC0DA359}.Debug|Win32.ActiveCfg = Debug|Win32
		{EC337F8B-714E-4559-BD3D-2E46CC0DA359}.Debug|Win32.Build.0 = Debug|Win32
		{EC337F8B-714E-4559-BD3D-2E46CC0DA359}.Release|Win32.ActiveCfg = Release|Win32
		{EC337F8B-714E-4559-BD3D-2E46CC0DA359}.Release|Win32.Build.0 = Release|Win32
	EndGlobalSection
	GlobalSection(SolutionProperties) = preSolution
		HideSolutionNode = FALSE
	EndGlobalSection
EndGlobal
